{
  "version": 4,
  "terraform_version": "1.6.2",
  "serial": 93,
  "lineage": "45f5b85f-8263-6cba-8b8d-2805f4faf603",
  "outputs": {},
  "resources": [
    {
      "module": "module.ec2-east",
      "mode": "managed",
      "type": "aws_instance",
      "name": "super-chat-instance",
      "provider": "provider[\"registry.opentofu.org/hashicorp/aws\"]",
      "instances": [
        {
          "schema_version": 1,
          "attributes": {
            "ami": "ami-07d9b9ddc6cd8dd30",
            "arn": "arn:aws:ec2:us-east-1:370963728696:instance/i-016b32b32a1356cb8",
            "associate_public_ip_address": true,
            "availability_zone": "us-east-1b",
            "capacity_reservation_specification": [
              {
                "capacity_reservation_preference": "open",
                "capacity_reservation_target": []
              }
            ],
            "cpu_core_count": 1,
            "cpu_options": [
              {
                "amd_sev_snp": "",
                "core_count": 1,
                "threads_per_core": 1
              }
            ],
            "cpu_threads_per_core": 1,
            "credit_specification": [
              {
                "cpu_credits": "standard"
              }
            ],
            "disable_api_stop": false,
            "disable_api_termination": false,
            "ebs_block_device": [],
            "ebs_optimized": false,
            "enclave_options": [
              {
                "enabled": false
              }
            ],
            "ephemeral_block_device": [],
            "get_password_data": false,
            "hibernation": false,
            "host_id": "",
            "host_resource_group_arn": null,
            "iam_instance_profile": "",
            "id": "i-016b32b32a1356cb8",
            "instance_initiated_shutdown_behavior": "stop",
            "instance_lifecycle": "",
            "instance_market_options": [],
            "instance_state": "running",
            "instance_type": "t2.nano",
            "ipv6_address_count": 0,
            "ipv6_addresses": [],
            "key_name": "super-chat-key",
            "launch_template": [],
            "maintenance_options": [
              {
                "auto_recovery": "default"
              }
            ],
            "metadata_options": [
              {
                "http_endpoint": "enabled",
                "http_protocol_ipv6": "disabled",
                "http_put_response_hop_limit": 1,
                "http_tokens": "optional",
                "instance_metadata_tags": "disabled"
              }
            ],
            "monitoring": false,
            "network_interface": [],
            "outpost_arn": "",
            "password_data": "",
            "placement_group": "",
            "placement_partition_number": 0,
            "primary_network_interface_id": "eni-0bef5cebafe89d747",
            "private_dns": "ip-172-31-36-17.ec2.internal",
            "private_dns_name_options": [
              {
                "enable_resource_name_dns_a_record": false,
                "enable_resource_name_dns_aaaa_record": false,
                "hostname_type": "ip-name"
              }
            ],
            "private_ip": "172.31.36.17",
            "public_dns": "ec2-34-230-0-137.compute-1.amazonaws.com",
            "public_ip": "34.230.0.137",
            "root_block_device": [
              {
                "delete_on_termination": true,
                "device_name": "/dev/sda1",
                "encrypted": false,
                "iops": 100,
                "kms_key_id": "",
                "tags": {},
                "tags_all": {},
                "throughput": 0,
                "volume_id": "vol-056f90ffd919dcb52",
                "volume_size": 8,
                "volume_type": "gp2"
              }
            ],
            "secondary_private_ips": [],
            "security_groups": [
              "super-chat-sg"
            ],
            "source_dest_check": true,
            "spot_instance_request_id": "",
            "subnet_id": "subnet-0dd07dadaf129ff4e",
            "tags": {
              "Name": "ec2-super-chat"
            },
            "tags_all": {
              "Name": "ec2-super-chat"
            },
            "tenancy": "default",
            "timeouts": null,
            "user_data": "8376953131f6cf6cc1cf7169a63fb9d18b54ed58",
            "user_data_base64": null,
            "user_data_replace_on_change": false,
            "volume_tags": null,
            "vpc_security_group_ids": [
              "sg-0b373b7a4bce2bdf4"
            ]
          },
          "sensitive_attributes": [],
          "private": "eyJlMmJmYjczMC1lY2FhLTExZTYtOGY4OC0zNDM2M2JjN2M0YzAiOnsiY3JlYXRlIjo2MDAwMDAwMDAwMDAsImRlbGV0ZSI6MTIwMDAwMDAwMDAwMCwicmVhZCI6OTAwMDAwMDAwMDAwLCJ1cGRhdGUiOjYwMDAwMDAwMDAwMH0sInNjaGVtYV92ZXJzaW9uIjoiMSJ9",
          "dependencies": [
            "module.ec2-east.aws_key_pair.super_chat",
            "module.ec2-east.aws_security_group.super-chat-sg"
          ]
        }
      ]
    },
    {
      "module": "module.ec2-east",
      "mode": "managed",
      "type": "aws_key_pair",
      "name": "super_chat",
      "provider": "provider[\"registry.opentofu.org/hashicorp/aws\"]",
      "instances": [
        {
          "schema_version": 1,
          "attributes": {
            "arn": "arn:aws:ec2:us-east-1:370963728696:key-pair/super-chat-key",
            "fingerprint": "66:0d:cd:62:0a:32:2e:95:e3:8f:54:02:1f:14:ef:ab",
            "id": "super-chat-key",
            "key_name": "super-chat-key",
            "key_name_prefix": "",
            "key_pair_id": "key-0ada4cdcccb930fa4",
            "key_type": "rsa",
            "public_key": "ssh-rsa AAAAB3NzaC1yc2EAAAADAQABAAABgQCddMcW6Okgorv4upTNXG3j96YLtaX922R6amZjt3HJonExvalK2CgjU8EMiKIs+UGM7cIO+62vBznS8sXwlTFZ5H3l5++a8iENKGDVMsTGcWFUY8XgcOrmlJr+CHNy0ivaRGQprXNPhgq1iz75iQ9Ib1RyFVYgGT5Dh3efiEOM+TsKOmesb70eMsLsSAraAR5mGLgk3WgGXQZrbuLd8Mo3ZHyGZ353qzw1/wXcMVwpzv+hMVYtNPS4C9hyey0/2uzS8XyZhwHmZBLbmeRvAZIlSV7r3s4LDTo+6yEwoLAoXoKeY8EFtwwk/svze3K3QFJX4ARoKOqtf/4TxGm0pdydeIk8XqV1w542KA0e8yzlI1Ij3RKqBwz5MEE0ZCyLZIhpXj4twGyvBmlEklSRWqGod74HlTJpFLfTrt1NEZ4sJar10XjZr1IfuK83359nYNDqqnfl2ssHVQd73jV8JLDC8FjLmMmdb5kEGovjMtqUEyEacf+w76vBzReGOxtPXJk= deastl@arch-deastl",
            "tags": null,
            "tags_all": {}
          },
          "sensitive_attributes": [],
          "private": "eyJzY2hlbWFfdmVyc2lvbiI6IjEifQ=="
        }
      ]
    },
    {
      "module": "module.ec2-east",
      "mode": "managed",
      "type": "aws_security_group",
      "name": "super-chat-sg",
      "provider": "provider[\"registry.opentofu.org/hashicorp/aws\"]",
      "instances": [
        {
          "schema_version": 1,
          "attributes": {
            "arn": "arn:aws:ec2:us-east-1:370963728696:security-group/sg-0b373b7a4bce2bdf4",
            "description": "Allow 8080,443,80",
            "egress": [
              {
                "cidr_blocks": [
                  "0.0.0.0/0"
                ],
                "description": "",
                "from_port": 0,
                "ipv6_cidr_blocks": [],
                "prefix_list_ids": [],
                "protocol": "-1",
                "security_groups": [],
                "self": false,
                "to_port": 0
              }
            ],
            "id": "sg-0b373b7a4bce2bdf4",
            "ingress": [
              {
                "cidr_blocks": [
                  "0.0.0.0/0"
                ],
                "description": "",
                "from_port": 22,
                "ipv6_cidr_blocks": [],
                "prefix_list_ids": [],
                "protocol": "tcp",
                "security_groups": [],
                "self": false,
                "to_port": 22
              },
              {
                "cidr_blocks": [
                  "0.0.0.0/0"
                ],
                "description": "",
                "from_port": 443,
                "ipv6_cidr_blocks": [],
                "prefix_list_ids": [],
                "protocol": "tcp",
                "security_groups": [],
                "self": false,
                "to_port": 443
              },
              {
                "cidr_blocks": [
                  "0.0.0.0/0"
                ],
                "description": "",
                "from_port": 8080,
                "ipv6_cidr_blocks": [],
                "prefix_list_ids": [],
                "protocol": "tcp",
                "security_groups": [],
                "self": false,
                "to_port": 8080
              },
              {
                "cidr_blocks": [
                  "0.0.0.0/0"
                ],
                "description": "",
                "from_port": 80,
                "ipv6_cidr_blocks": [],
                "prefix_list_ids": [],
                "protocol": "tcp",
                "security_groups": [],
                "self": false,
                "to_port": 80
              }
            ],
            "name": "super-chat-sg",
            "name_prefix": "",
            "owner_id": "370963728696",
            "revoke_rules_on_delete": false,
            "tags": {
              "name": "super-chat-sg"
            },
            "tags_all": {
              "name": "super-chat-sg"
            },
            "timeouts": null,
            "vpc_id": "vpc-0b447c32482f0b97c"
          },
          "sensitive_attributes": [],
          "private": "eyJlMmJmYjczMC1lY2FhLTExZTYtOGY4OC0zNDM2M2JjN2M0YzAiOnsiY3JlYXRlIjo2MDAwMDAwMDAwMDAsImRlbGV0ZSI6OTAwMDAwMDAwMDAwfSwic2NoZW1hX3ZlcnNpb24iOiIxIn0="
        }
      ]
    },
    {
      "module": "module.ec2-east",
      "mode": "managed",
      "type": "aws_subnet",
      "name": "super-chat-subnet",
      "provider": "provider[\"registry.opentofu.org/hashicorp/aws\"]",
      "instances": [
        {
          "schema_version": 1,
          "attributes": {
            "arn": "arn:aws:ec2:us-east-1:370963728696:subnet/subnet-03a95502c259a4bea",
            "assign_ipv6_address_on_creation": false,
            "availability_zone": "us-east-1a",
            "availability_zone_id": "use1-az4",
            "cidr_block": "10.0.0.0/16",
            "customer_owned_ipv4_pool": "",
            "enable_dns64": false,
            "enable_lni_at_device_index": 0,
            "enable_resource_name_dns_a_record_on_launch": false,
            "enable_resource_name_dns_aaaa_record_on_launch": false,
            "id": "subnet-03a95502c259a4bea",
            "ipv6_cidr_block": "",
            "ipv6_cidr_block_association_id": "",
            "ipv6_native": false,
            "map_customer_owned_ip_on_launch": false,
            "map_public_ip_on_launch": true,
            "outpost_arn": "",
            "owner_id": "370963728696",
            "private_dns_hostname_type_on_launch": "ip-name",
            "tags": null,
            "tags_all": {},
            "timeouts": null,
            "vpc_id": "vpc-0b85a5ac77be5a18b"
          },
          "sensitive_attributes": [],
          "private": "eyJlMmJmYjczMC1lY2FhLTExZTYtOGY4OC0zNDM2M2JjN2M0YzAiOnsiY3JlYXRlIjo2MDAwMDAwMDAwMDAsImRlbGV0ZSI6MTIwMDAwMDAwMDAwMH0sInNjaGVtYV92ZXJzaW9uIjoiMSJ9",
          "dependencies": [
            "module.ec2-east.aws_vpc.super-chat-vpc"
          ]
        }
      ]
    },
    {
      "module": "module.ec2-east",
      "mode": "managed",
      "type": "aws_vpc",
      "name": "super-chat-vpc",
      "provider": "provider[\"registry.opentofu.org/hashicorp/aws\"]",
      "instances": [
        {
          "schema_version": 1,
          "attributes": {
            "arn": "arn:aws:ec2:us-east-1:370963728696:vpc/vpc-0b85a5ac77be5a18b",
            "assign_generated_ipv6_cidr_block": false,
            "cidr_block": "10.0.0.0/16",
            "default_network_acl_id": "acl-022492e11c1077bce",
            "default_route_table_id": "rtb-0c3fac6e78d2aac94",
            "default_security_group_id": "sg-0e95a2cf5b49cc802",
            "dhcp_options_id": "dopt-0a250f7f964a97827",
            "enable_dns_hostnames": false,
            "enable_dns_support": true,
            "enable_network_address_usage_metrics": false,
            "id": "vpc-0b85a5ac77be5a18b",
            "instance_tenancy": "default",
            "ipv4_ipam_pool_id": null,
            "ipv4_netmask_length": null,
            "ipv6_association_id": "",
            "ipv6_cidr_block": "",
            "ipv6_cidr_block_network_border_group": "",
            "ipv6_ipam_pool_id": "",
            "ipv6_netmask_length": 0,
            "main_route_table_id": "rtb-0c3fac6e78d2aac94",
            "owner_id": "370963728696",
            "tags": null,
            "tags_all": {}
          },
          "sensitive_attributes": [],
          "private": "eyJzY2hlbWFfdmVyc2lvbiI6IjEifQ=="
        }
      ]
    }
  ],
  "check_results": null
}
